
Microsoft Visual Studio Solution File, Format Version 12.00
# Visual Studio Version 17
VisualStudioVersion = 17.10.35013.160
MinimumVisualStudioVersion = 10.0.40219.1
Project("{FAE04EC0-301F-11D3-BF4B-00C04F79EFBC}") = "SimpleProject", "SimpleProject\SimpleProject.csproj", "{BB9CD680-1B1F-4BB2-A111-DAFFA7D7B104}"
EndProject
Global
	GlobalSection(SolutionConfigurationPlatforms) = preSolution
		Debug|Any CPU = Debug|Any CPU
		Release|Any CPU = Release|Any CPU
	EndGlobalSection
	GlobalSection(ProjectConfigurationPlatforms) = postSolution
		{BB9CD680-1B1F-4BB2-A111-DAFFA7D7B104}.Debug|Any CPU.ActiveCfg = Debug|Any CPU
		{BB9CD680-1B1F-4BB2-A111-DAFFA7D7B104}.Debug|Any CPU.Build.0 = Debug|Any CPU
		{BB9CD680-1B1F-4BB2-A111-DAFFA7D7B104}.Release|Any CPU.ActiveCfg = Release|Any CPU
		{BB9CD680-1B1F-4BB2-A111-DAFFA7D7B104}.Release|Any CPU.Build.0 = Release|Any CPU
	EndGlobalSection
	GlobalSection(SolutionProperties) = preSolution
		HideSolutionNode = FALSE
	EndGlobalSection
	GlobalSection(ExtensibilityGlobals) = postSolution
		SolutionGuid = {4341CF61-7C0E-439C-A583-C711EF493CBD}
	EndGlobalSection
EndGlobal
